
Microsoft Visual Studio Solution File, Format Version 12.00
# Visual Studio Version 16
VisualStudioVersion = 16.0.30621.155
MinimumVisualStudioVersion = 10.0.40219.1
Project("{FAE04EC0-301F-11D3-BF4B-00C04F79EFBC}") = "MovieList", "MovieList\MovieList.csproj", "{DCAD2219-FB45-4E14-BF2B-D6E68A802106}"
EndProject
Global
	GlobalSection(SolutionConfigurationPlatforms) = preSolution
		Debug|Any CPU = Debug|Any CPU
		Release|Any CPU = Release|Any CPU
	EndGlobalSection
	GlobalSection(ProjectConfigurationPlatforms) = postSolution
		{DCAD2219-FB45-4E14-BF2B-D6E68A802106}.Debug|Any CPU.ActiveCfg = Debug|Any CPU
		{DCAD2219-FB45-4E14-BF2B-D6E68A802106}.Debug|Any CPU.Build.0 = Debug|Any CPU
		{DCAD2219-FB45-4E14-BF2B-D6E68A802106}.Release|Any CPU.ActiveCfg = Release|Any CPU
		{DCAD2219-FB45-4E14-BF2B-D6E68A802106}.Release|Any CPU.Build.0 = Release|Any CPU
	EndGlobalSection
	GlobalSection(SolutionProperties) = preSolution
		HideSolutionNode = FALSE
	EndGlobalSection
	GlobalSection(ExtensibilityGlobals) = postSolution
		SolutionGuid = {51AFE8FF-E554-48CE-A1AC-5F36593A90D9}
	EndGlobalSection
EndGlobal
